
Microsoft Visual Studio Solution File, Format Version 12.00
# Visual Studio Version 16
VisualStudioVersion = 16.0.28729.10
MinimumVisualStudioVersion = 10.0.40219.1
Project("{FAE04EC0-301F-11D3-BF4B-00C04F79EFBC}") = "SchoolERPSystem.Models", "SchoolERPSystem.Models\SchoolERPSystem.Models.csproj", "{2727389B-415E-411F-87CE-6BC70AC84DC8}"
EndProject
Project("{FAE04EC0-301F-11D3-BF4B-00C04F79EFBC}") = "SchoolERPSystem.Web", "SchoolERPSystem.Web\SchoolERPSystem.Web.csproj", "{052C3343-7071-44E2-8C11-AE3AFB0BF79D}"
EndProject
Project("{FAE04EC0-301F-11D3-BF4B-00C04F79EFBC}") = "SchoolERPSystem.Repository", "SchoolERPSystem.Repository\SchoolERPSystem.Repository.csproj", "{F002F97E-767D-44BC-A4A2-7080D9D84A3D}"
EndProject
Project("{FAE04EC0-301F-11D3-BF4B-00C04F79EFBC}") = "SchoolERPSystem.Service", "SchoolERPSystem.Service\SchoolERPSystem.Service.csproj", "{28AE1E65-5577-40B5-97D2-9FB6B19FB9AB}"
EndProject
Project("{FAE04EC0-301F-11D3-BF4B-00C04F79EFBC}") = "SchoolERPSystem.Test", "SchoolERPSystem.Test\SchoolERPSystem.Test.csproj", "{B387F76C-383F-41B5-A524-5DCD32F7DCAA}"
EndProject
Global
	GlobalSection(SolutionConfigurationPlatforms) = preSolution
		Debug|Any CPU = Debug|Any CPU
		Release|Any CPU = Release|Any CPU
	EndGlobalSection
	GlobalSection(ProjectConfigurationPlatforms) = postSolution
		{2727389B-415E-411F-87CE-6BC70AC84DC8}.Debug|Any CPU.ActiveCfg = Debug|Any CPU
		{2727389B-415E-411F-87CE-6BC70AC84DC8}.Debug|Any CPU.Build.0 = Debug|Any CPU
		{2727389B-415E-411F-87CE-6BC70AC84DC8}.Release|Any CPU.ActiveCfg = Release|Any CPU
		{2727389B-415E-411F-87CE-6BC70AC84DC8}.Release|Any CPU.Build.0 = Release|Any CPU
		{052C3343-7071-44E2-8C11-AE3AFB0BF79D}.Debug|Any CPU.ActiveCfg = Debug|Any CPU
		{052C3343-7071-44E2-8C11-AE3AFB0BF79D}.Debug|Any CPU.Build.0 = Debug|Any CPU
		{052C3343-7071-44E2-8C11-AE3AFB0BF79D}.Release|Any CPU.ActiveCfg = Release|Any CPU
		{052C3343-7071-44E2-8C11-AE3AFB0BF79D}.Release|Any CPU.Build.0 = Release|Any CPU
		{F002F97E-767D-44BC-A4A2-7080D9D84A3D}.Debug|Any CPU.ActiveCfg = Debug|Any CPU
		{F002F97E-767D-44BC-A4A2-7080D9D84A3D}.Debug|Any CPU.Build.0 = Debug|Any CPU
		{F002F97E-767D-44BC-A4A2-7080D9D84A3D}.Release|Any CPU.ActiveCfg = Release|Any CPU
		{F002F97E-767D-44BC-A4A2-7080D9D84A3D}.Release|Any CPU.Build.0 = Release|Any CPU
		{28AE1E65-5577-40B5-97D2-9FB6B19FB9AB}.Debug|Any CPU.ActiveCfg = Debug|Any CPU
		{28AE1E65-5577-40B5-97D2-9FB6B19FB9AB}.Debug|Any CPU.Build.0 = Debug|Any CPU
		{28AE1E65-5577-40B5-97D2-9FB6B19FB9AB}.Release|Any CPU.ActiveCfg = Release|Any CPU
		{28AE1E65-5577-40B5-97D2-9FB6B19FB9AB}.Release|Any CPU.Build.0 = Release|Any CPU
		{B387F76C-383F-41B5-A524-5DCD32F7DCAA}.Debug|Any CPU.ActiveCfg = Debug|Any CPU
		{B387F76C-383F-41B5-A524-5DCD32F7DCAA}.Debug|Any CPU.Build.0 = Debug|Any CPU
		{B387F76C-383F-41B5-A524-5DCD32F7DCAA}.Release|Any CPU.ActiveCfg = Release|Any CPU
		{B387F76C-383F-41B5-A524-5DCD32F7DCAA}.Release|Any CPU.Build.0 = Release|Any CPU
	EndGlobalSection
	GlobalSection(SolutionProperties) = preSolution
		HideSolutionNode = FALSE
	EndGlobalSection
	GlobalSection(ExtensibilityGlobals) = postSolution
		SolutionGuid = {9139024C-34AD-4291-9CD8-BD70708F924A}
	EndGlobalSection
	GlobalSection(TeamFoundationVersionControl) = preSolution
		SccNumberOfProjects = 6
		SccEnterpriseProvider = {4CA58AB2-18FA-4F8D-95D4-32DDF27D184C}
		SccTeamFoundationServer = https://dev.azure.com/rovid
		SccLocalPath0 = .
		SccProjectUniqueName1 = SchoolERPSystem.Models\\SchoolERPSystem.Models.csproj
		SccProjectName1 = SchoolERPSystem.Models
		SccLocalPath1 = SchoolERPSystem.Models
		SccProjectUniqueName2 = SchoolERPSystem.Repository\\SchoolERPSystem.Repository.csproj
		SccProjectName2 = SchoolERPSystem.Repository
		SccLocalPath2 = SchoolERPSystem.Repository
		SccProjectUniqueName3 = SchoolERPSystem.Service\\SchoolERPSystem.Service.csproj
		SccProjectName3 = SchoolERPSystem.Service
		SccLocalPath3 = SchoolERPSystem.Service
		SccProjectUniqueName4 = SchoolERPSystem.Test\\SchoolERPSystem.Test.csproj
		SccProjectName4 = SchoolERPSystem.Test
		SccLocalPath4 = SchoolERPSystem.Test
		SccProjectUniqueName5 = SchoolERPSystem.Web\\SchoolERPSystem.Web.csproj
		SccProjectName5 = SchoolERPSystem.Web
		SccLocalPath5 = SchoolERPSystem.Web
	EndGlobalSection
EndGlobal
